
Microsoft Visual Studio Solution File, Format Version 12.00
# Visual Studio 15
VisualStudioVersion = 15.0.27004.2002
MinimumVisualStudioVersion = 10.0.40219.1
Project("{FAE04EC0-301F-11D3-BF4B-00C04F79EFBC}") = "LiveSplit.DXLoads", "LiveSplit.UnrealLoads\LiveSplit.DXLoads.csproj", "{2307542D-1ACA-4B3C-A9CE-DCD1EDC6AA23}"
EndProject
Global
	GlobalSection(SolutionConfigurationPlatforms) = preSolution
		Debug|Any CPU = Debug|Any CPU
		Release|Any CPU = Release|Any CPU
	EndGlobalSection
	GlobalSection(ProjectConfigurationPlatforms) = postSolution
		{2307542D-1ACA-4B3C-A9CE-DCD1EDC6AA23}.Debug|Any CPU.ActiveCfg = Debug|Any CPU
		{2307542D-1ACA-4B3C-A9CE-DCD1EDC6AA23}.Debug|Any CPU.Build.0 = Debug|Any CPU
		{2307542D-1ACA-4B3C-A9CE-DCD1EDC6AA23}.Release|Any CPU.ActiveCfg = Release|Any CPU
		{2307542D-1ACA-4B3C-A9CE-DCD1EDC6AA23}.Release|Any CPU.Build.0 = Release|Any CPU
	EndGlobalSection
	GlobalSection(SolutionProperties) = preSolution
		HideSolutionNode = FALSE
	EndGlobalSection
	GlobalSection(ExtensibilityGlobals) = postSolution
		SolutionGuid = {B117F7E7-D0B7-46A2-9B6B-D287BEEFC22A}
	EndGlobalSection
EndGlobal
